
Microsoft Visual Studio Solution File, Format Version 12.00
# Visual Studio 2013
VisualStudioVersion = 12.0.21005.1
MinimumVisualStudioVersion = 10.0.40219.1
Project("{FAE04EC0-301F-11D3-BF4B-00C04F79EFBC}") = "MemberRegistry", "MemberRegistry\MemberRegistry.csproj", "{C18E272C-806A-4F95-B534-11E969228F6D}"
EndProject
Project("{F088123C-0E9E-452A-89E6-6BA2F21D5CAC}") = "ModelingProject", "ModelingProject\ModelingProject.modelproj", "{7F9B2F7F-0ED7-4C70-98C9-DA402720B644}"
EndProject
Global
	GlobalSection(SolutionConfigurationPlatforms) = preSolution
		Debug|Any CPU = Debug|Any CPU
		Release|Any CPU = Release|Any CPU
	EndGlobalSection
	GlobalSection(ProjectConfigurationPlatforms) = postSolution
		{C18E272C-806A-4F95-B534-11E969228F6D}.Debug|Any CPU.ActiveCfg = Debug|Any CPU
		{C18E272C-806A-4F95-B534-11E969228F6D}.Debug|Any CPU.Build.0 = Debug|Any CPU
		{C18E272C-806A-4F95-B534-11E969228F6D}.Release|Any CPU.ActiveCfg = Release|Any CPU
		{C18E272C-806A-4F95-B534-11E969228F6D}.Release|Any CPU.Build.0 = Release|Any CPU
		{7F9B2F7F-0ED7-4C70-98C9-DA402720B644}.Debug|Any CPU.ActiveCfg = Debug|Any CPU
		{7F9B2F7F-0ED7-4C70-98C9-DA402720B644}.Debug|Any CPU.Build.0 = Debug|Any CPU
		{7F9B2F7F-0ED7-4C70-98C9-DA402720B644}.Release|Any CPU.ActiveCfg = Release|Any CPU
		{7F9B2F7F-0ED7-4C70-98C9-DA402720B644}.Release|Any CPU.Build.0 = Release|Any CPU
	EndGlobalSection
	GlobalSection(SolutionProperties) = preSolution
		HideSolutionNode = FALSE
	EndGlobalSection
EndGlobal
